
Microsoft Visual Studio Solution File, Format Version 12.00
# Visual Studio Version 17
VisualStudioVersion = 17.6.33815.320
MinimumVisualStudioVersion = 10.0.40219.1
Project("{FAE04EC0-301F-11D3-BF4B-00C04F79EFBC}") = "WebApp", "WebApp\WebApp.csproj", "{0B65F819-C374-43ED-BD96-937C7842DCC1}"
EndProject
Global
	GlobalSection(SolutionConfigurationPlatforms) = preSolution
		Debug|Any CPU = Debug|Any CPU
		Release|Any CPU = Release|Any CPU
	EndGlobalSection
	GlobalSection(ProjectConfigurationPlatforms) = postSolution
		{0B65F819-C374-43ED-BD96-937C7842DCC1}.Debug|Any CPU.ActiveCfg = Debug|Any CPU
		{0B65F819-C374-43ED-BD96-937C7842DCC1}.Debug|Any CPU.Build.0 = Debug|Any CPU
		{0B65F819-C374-43ED-BD96-937C7842DCC1}.Release|Any CPU.ActiveCfg = Release|Any CPU
		{0B65F819-C374-43ED-BD96-937C7842DCC1}.Release|Any CPU.Build.0 = Release|Any CPU
	EndGlobalSection
	GlobalSection(SolutionProperties) = preSolution
		HideSolutionNode = FALSE
	EndGlobalSection
	GlobalSection(ExtensibilityGlobals) = postSolution
		SolutionGuid = {7BFAD7BA-574E-4AC8-ABED-4F427691B4DF}
	EndGlobalSection
EndGlobal
